
Microsoft Visual Studio Solution File, Format Version 12.00
# Visual Studio 15
VisualStudioVersion = 15.0.26430.14
MinimumVisualStudioVersion = 10.0.40219.1
Project("{FAE04EC0-301F-11D3-BF4B-00C04F79EFBC}") = "UpcommingMovies.UI", "UpcommingMovies.UI\UpcommingMovies.UI\UpcommingMovies.UI.csproj", "{849F5138-92A5-48AF-A697-90CB6507D66D}"
EndProject
Project("{FAE04EC0-301F-11D3-BF4B-00C04F79EFBC}") = "UpcommingMovies.UI.Droid", "UpcommingMovies.UI\UpcommingMovies.UI.Droid\UpcommingMovies.UI.Droid.csproj", "{C4DCA10F-FC69-408B-A0A5-60BC4112D006}"
EndProject
Project("{FAE04EC0-301F-11D3-BF4B-00C04F79EFBC}") = "UpcommingMovies.UI.iOS", "UpcommingMovies.UI\UpcommingMovies.UI.iOS\UpcommingMovies.UI.iOS.csproj", "{61743472-C698-4825-899F-F0DFD97703EA}"
EndProject
Project("{FAE04EC0-301F-11D3-BF4B-00C04F79EFBC}") = "UpcommingMovies.Core.Domain", "UpcommingMovies.Core.Domain\UpcommingMovies.Core.Domain.csproj", "{CA1F161A-916C-42E6-9BF3-A07FFD16DBA3}"
EndProject
Project("{FAE04EC0-301F-11D3-BF4B-00C04F79EFBC}") = "UpcommingMovies.Infra.TheMovieDb", "UpcommingMovies.Infra.TheMovieDb\UpcommingMovies.Infra.TheMovieDb.csproj", "{5A6DF6FB-6A87-48D1-8C7F-675980BE18DD}"
EndProject
Project("{FAE04EC0-301F-11D3-BF4B-00C04F79EFBC}") = "UpcommingMovies.Infra.TheMovieDb.Test", "UpcommingMovies.Infra.TheMovieDb.Test\UpcommingMovies.Infra.TheMovieDb.Test.csproj", "{91486DA6-1CAA-4DA4-B911-0DF661D0A7DA}"
EndProject
Project("{FAE04EC0-301F-11D3-BF4B-00C04F79EFBC}") = "UpcommingMovies.Infra.IoC", "UpcommingMovies.Infra.IoC\UpcommingMovies.Infra.IoC.csproj", "{60245E02-8346-4792-BDA4-1B3B332F1D56}"
EndProject
Global
	GlobalSection(SolutionConfigurationPlatforms) = preSolution
		Ad-Hoc|Any CPU = Ad-Hoc|Any CPU
		Ad-Hoc|iPhone = Ad-Hoc|iPhone
		Ad-Hoc|iPhoneSimulator = Ad-Hoc|iPhoneSimulator
		AppStore|Any CPU = AppStore|Any CPU
		AppStore|iPhone = AppStore|iPhone
		AppStore|iPhoneSimulator = AppStore|iPhoneSimulator
		Debug|Any CPU = Debug|Any CPU
		Debug|iPhone = Debug|iPhone
		Debug|iPhoneSimulator = Debug|iPhoneSimulator
		Release|Any CPU = Release|Any CPU
		Release|iPhone = Release|iPhone
		Release|iPhoneSimulator = Release|iPhoneSimulator
	EndGlobalSection
	GlobalSection(ProjectConfigurationPlatforms) = postSolution
		{849F5138-92A5-48AF-A697-90CB6507D66D}.Ad-Hoc|Any CPU.ActiveCfg = Release|Any CPU
		{849F5138-92A5-48AF-A697-90CB6507D66D}.Ad-Hoc|Any CPU.Build.0 = Release|Any CPU
		{849F5138-92A5-48AF-A697-90CB6507D66D}.Ad-Hoc|iPhone.ActiveCfg = Release|Any CPU
		{849F5138-92A5-48AF-A697-90CB6507D66D}.Ad-Hoc|iPhone.Build.0 = Release|Any CPU
		{849F5138-92A5-48AF-A697-90CB6507D66D}.Ad-Hoc|iPhoneSimulator.ActiveCfg = Release|Any CPU
		{849F5138-92A5-48AF-A697-90CB6507D66D}.Ad-Hoc|iPhoneSimulator.Build.0 = Release|Any CPU
		{849F5138-92A5-48AF-A697-90CB6507D66D}.AppStore|Any CPU.ActiveCfg = Release|Any CPU
		{849F5138-92A5-48AF-A697-90CB6507D66D}.AppStore|Any CPU.Build.0 = Release|Any CPU
		{849F5138-92A5-48AF-A697-90CB6507D66D}.AppStore|iPhone.ActiveCfg = Release|Any CPU
		{849F5138-92A5-48AF-A697-90CB6507D66D}.AppStore|iPhone.Build.0 = Release|Any CPU
		{849F5138-92A5-48AF-A697-90CB6507D66D}.AppStore|iPhoneSimulator.ActiveCfg = Release|Any CPU
		{849F5138-92A5-48AF-A697-90CB6507D66D}.AppStore|iPhoneSimulator.Build.0 = Release|Any CPU
		{849F5138-92A5-48AF-A697-90CB6507D66D}.Debug|Any CPU.ActiveCfg = Debug|Any CPU
		{849F5138-92A5-48AF-A697-90CB6507D66D}.Debug|Any CPU.Build.0 = Debug|Any CPU
		{849F5138-92A5-48AF-A697-90CB6507D66D}.Debug|iPhone.ActiveCfg = Debug|Any CPU
		{849F5138-92A5-48AF-A697-90CB6507D66D}.Debug|iPhone.Build.0 = Debug|Any CPU
		{849F5138-92A5-48AF-A697-90CB6507D66D}.Debug|iPhoneSimulator.ActiveCfg = Debug|Any CPU
		{849F5138-92A5-48AF-A697-90CB6507D66D}.Debug|iPhoneSimulator.Build.0 = Debug|Any CPU
		{849F5138-92A5-48AF-A697-90CB6507D66D}.Release|Any CPU.ActiveCfg = Release|Any CPU
		{849F5138-92A5-48AF-A697-90CB6507D66D}.Release|Any CPU.Build.0 = Release|Any CPU
		{849F5138-92A5-48AF-A697-90CB6507D66D}.Release|iPhone.ActiveCfg = Release|Any CPU
		{849F5138-92A5-48AF-A697-90CB6507D66D}.Release|iPhone.Build.0 = Release|Any CPU
		{849F5138-92A5-48AF-A697-90CB6507D66D}.Release|iPhoneSimulator.ActiveCfg = Release|Any CPU
		{849F5138-92A5-48AF-A697-90CB6507D66D}.Release|iPhoneSimulator.Build.0 = Release|Any CPU
		{C4DCA10F-FC69-408B-A0A5-60BC4112D006}.Ad-Hoc|Any CPU.ActiveCfg = Release|Any CPU
		{C4DCA10F-FC69-408B-A0A5-60BC4112D006}.Ad-Hoc|Any CPU.Build.0 = Release|Any CPU
		{C4DCA10F-FC69-408B-A0A5-60BC4112D006}.Ad-Hoc|Any CPU.Deploy.0 = Release|Any CPU
		{C4DCA10F-FC69-408B-A0A5-60BC4112D006}.Ad-Hoc|iPhone.ActiveCfg = Release|Any CPU
		{C4DCA10F-FC69-408B-A0A5-60BC4112D006}.Ad-Hoc|iPhone.Build.0 = Release|Any CPU
		{C4DCA10F-FC69-408B-A0A5-60BC4112D006}.Ad-Hoc|iPhone.Deploy.0 = Release|Any CPU
		{C4DCA10F-FC69-408B-A0A5-60BC4112D006}.Ad-Hoc|iPhoneSimulator.ActiveCfg = Release|Any CPU
		{C4DCA10F-FC69-408B-A0A5-60BC4112D006}.Ad-Hoc|iPhoneSimulator.Build.0 = Release|Any CPU
		{C4DCA10F-FC69-408B-A0A5-60BC4112D006}.Ad-Hoc|iPhoneSimulator.Deploy.0 = Release|Any CPU
		{C4DCA10F-FC69-408B-A0A5-60BC4112D006}.AppStore|Any CPU.ActiveCfg = Release|Any CPU
		{C4DCA10F-FC69-408B-A0A5-60BC4112D006}.AppStore|Any CPU.Build.0 = Release|Any CPU
		{C4DCA10F-FC69-408B-A0A5-60BC4112D006}.AppStore|Any CPU.Deploy.0 = Release|Any CPU
		{C4DCA10F-FC69-408B-A0A5-60BC4112D006}.AppStore|iPhone.ActiveCfg = Release|Any CPU
		{C4DCA10F-FC69-408B-A0A5-60BC4112D006}.AppStore|iPhone.Build.0 = Release|Any CPU
		{C4DCA10F-FC69-408B-A0A5-60BC4112D006}.AppStore|iPhone.Deploy.0 = Release|Any CPU
		{C4DCA10F-FC69-408B-A0A5-60BC4112D006}.AppStore|iPhoneSimulator.ActiveCfg = Release|Any CPU
		{C4DCA10F-FC69-408B-A0A5-60BC4112D006}.AppStore|iPhoneSimulator.Build.0 = Release|Any CPU
		{C4DCA10F-FC69-408B-A0A5-60BC4112D006}.AppStore|iPhoneSimulator.Deploy.0 = Release|Any CPU
		{C4DCA10F-FC69-408B-A0A5-60BC4112D006}.Debug|Any CPU.ActiveCfg = Debug|Any CPU
		{C4DCA10F-FC69-408B-A0A5-60BC4112D006}.Debug|Any CPU.Build.0 = Debug|Any CPU
		{C4DCA10F-FC69-408B-A0A5-60BC4112D006}.Debug|Any CPU.Deploy.0 = Debug|Any CPU
		{C4DCA10F-FC69-408B-A0A5-60BC4112D006}.Debug|iPhone.ActiveCfg = Debug|Any CPU
		{C4DCA10F-FC69-408B-A0A5-60BC4112D006}.Debug|iPhone.Build.0 = Debug|Any CPU
		{C4DCA10F-FC69-408B-A0A5-60BC4112D006}.Debug|iPhone.Deploy.0 = Debug|Any CPU
		{C4DCA10F-FC69-408B-A0A5-60BC4112D006}.Debug|iPhoneSimulator.ActiveCfg = Debug|Any CPU
		{C4DCA10F-FC69-408B-A0A5-60BC4112D006}.Debug|iPhoneSimulator.Build.0 = Debug|Any CPU
		{C4DCA10F-FC69-408B-A0A5-60BC4112D006}.Debug|iPhoneSimulator.Deploy.0 = Debug|Any CPU
		{C4DCA10F-FC69-408B-A0A5-60BC4112D006}.Release|Any CPU.ActiveCfg = Release|Any CPU
		{C4DCA10F-FC69-408B-A0A5-60BC4112D006}.Release|Any CPU.Build.0 = Release|Any CPU
		{C4DCA10F-FC69-408B-A0A5-60BC4112D006}.Release|Any CPU.Deploy.0 = Release|Any CPU
		{C4DCA10F-FC69-408B-A0A5-60BC4112D006}.Release|iPhone.ActiveCfg = Release|Any CPU
		{C4DCA10F-FC69-408B-A0A5-60BC4112D006}.Release|iPhone.Build.0 = Release|Any CPU
		{C4DCA10F-FC69-408B-A0A5-60BC4112D006}.Release|iPhone.Deploy.0 = Release|Any CPU
		{C4DCA10F-FC69-408B-A0A5-60BC4112D006}.Release|iPhoneSimulator.ActiveCfg = Release|Any CPU
		{C4DCA10F-FC69-408B-A0A5-60BC4112D006}.Release|iPhoneSimulator.Build.0 = Release|Any CPU
		{C4DCA10F-FC69-408B-A0A5-60BC4112D006}.Release|iPhoneSimulator.Deploy.0 = Release|Any CPU
		{61743472-C698-4825-899F-F0DFD97703EA}.Ad-Hoc|Any CPU.ActiveCfg = Ad-Hoc|iPhone
		{61743472-C698-4825-899F-F0DFD97703EA}.Ad-Hoc|iPhone.ActiveCfg = Ad-Hoc|iPhone
		{61743472-C698-4825-899F-F0DFD97703EA}.Ad-Hoc|iPhone.Build.0 = Ad-Hoc|iPhone
		{61743472-C698-4825-899F-F0DFD97703EA}.Ad-Hoc|iPhoneSimulator.ActiveCfg = Ad-Hoc|iPhoneSimulator
		{61743472-C698-4825-899F-F0DFD97703EA}.Ad-Hoc|iPhoneSimulator.Build.0 = Ad-Hoc|iPhoneSimulator
		{61743472-C698-4825-899F-F0DFD97703EA}.AppStore|Any CPU.ActiveCfg = AppStore|iPhone
		{61743472-C698-4825-899F-F0DFD97703EA}.AppStore|iPhone.ActiveCfg = AppStore|iPhone
		{61743472-C698-4825-899F-F0DFD97703EA}.AppStore|iPhone.Build.0 = AppStore|iPhone
		{61743472-C698-4825-899F-F0DFD97703EA}.AppStore|iPhoneSimulator.ActiveCfg = AppStore|iPhoneSimulator
		{61743472-C698-4825-899F-F0DFD97703EA}.AppStore|iPhoneSimulator.Build.0 = AppStore|iPhoneSimulator
		{61743472-C698-4825-899F-F0DFD97703EA}.Debug|Any CPU.ActiveCfg = Debug|iPhone
		{61743472-C698-4825-899F-F0DFD97703EA}.Debug|iPhone.ActiveCfg = Debug|iPhone
		{61743472-C698-4825-899F-F0DFD97703EA}.Debug|iPhone.Build.0 = Debug|iPhone
		{61743472-C698-4825-899F-F0DFD97703EA}.Debug|iPhoneSimulator.ActiveCfg = Debug|iPhoneSimulator
		{61743472-C698-4825-899F-F0DFD97703EA}.Debug|iPhoneSimulator.Build.0 = Debug|iPhoneSimulator
		{61743472-C698-4825-899F-F0DFD97703EA}.Release|Any CPU.ActiveCfg = Release|iPhone
		{61743472-C698-4825-899F-F0DFD97703EA}.Release|iPhone.ActiveCfg = Release|iPhone
		{61743472-C698-4825-899F-F0DFD97703EA}.Release|iPhone.Build.0 = Release|iPhone
		{61743472-C698-4825-899F-F0DFD97703EA}.Release|iPhoneSimulator.ActiveCfg = Release|iPhoneSimulator
		{61743472-C698-4825-899F-F0DFD97703EA}.Release|iPhoneSimulator.Build.0 = Release|iPhoneSimulator
		{CA1F161A-916C-42E6-9BF3-A07FFD16DBA3}.Ad-Hoc|Any CPU.ActiveCfg = Release|Any CPU
		{CA1F161A-916C-42E6-9BF3-A07FFD16DBA3}.Ad-Hoc|Any CPU.Build.0 = Release|Any CPU
		{CA1F161A-916C-42E6-9BF3-A07FFD16DBA3}.Ad-Hoc|iPhone.ActiveCfg = Release|Any CPU
		{CA1F161A-916C-42E6-9BF3-A07FFD16DBA3}.Ad-Hoc|iPhone.Build.0 = Release|Any CPU
		{CA1F161A-916C-42E6-9BF3-A07FFD16DBA3}.Ad-Hoc|iPhoneSimulator.ActiveCfg = Release|Any CPU
		{CA1F161A-916C-42E6-9BF3-A07FFD16DBA3}.Ad-Hoc|iPhoneSimulator.Build.0 = Release|Any CPU
		{CA1F161A-916C-42E6-9BF3-A07FFD16DBA3}.AppStore|Any CPU.ActiveCfg = Release|Any CPU
		{CA1F161A-916C-42E6-9BF3-A07FFD16DBA3}.AppStore|Any CPU.Build.0 = Release|Any CPU
		{CA1F161A-916C-42E6-9BF3-A07FFD16DBA3}.AppStore|iPhone.ActiveCfg = Release|Any CPU
		{CA1F161A-916C-42E6-9BF3-A07FFD16DBA3}.AppStore|iPhone.Build.0 = Release|Any CPU
		{CA1F161A-916C-42E6-9BF3-A07FFD16DBA3}.AppStore|iPhoneSimulator.ActiveCfg = Release|Any CPU
		{CA1F161A-916C-42E6-9BF3-A07FFD16DBA3}.AppStore|iPhoneSimulator.Build.0 = Release|Any CPU
		{CA1F161A-916C-42E6-9BF3-A07FFD16DBA3}.Debug|Any CPU.ActiveCfg = Debug|Any CPU
		{CA1F161A-916C-42E6-9BF3-A07FFD16DBA3}.Debug|Any CPU.Build.0 = Debug|Any CPU
		{CA1F161A-916C-42E6-9BF3-A07FFD16DBA3}.Debug|iPhone.ActiveCfg = Debug|Any CPU
		{CA1F161A-916C-42E6-9BF3-A07FFD16DBA3}.Debug|iPhone.Build.0 = Debug|Any CPU
		{CA1F161A-916C-42E6-9BF3-A07FFD16DBA3}.Debug|iPhoneSimulator.ActiveCfg = Debug|Any CPU
		{CA1F161A-916C-42E6-9BF3-A07FFD16DBA3}.Debug|iPhoneSimulator.Build.0 = Debug|Any CPU
		{CA1F161A-916C-42E6-9BF3-A07FFD16DBA3}.Release|Any CPU.ActiveCfg = Release|Any CPU
		{CA1F161A-916C-42E6-9BF3-A07FFD16DBA3}.Release|Any CPU.Build.0 = Release|Any CPU
		{CA1F161A-916C-42E6-9BF3-A07FFD16DBA3}.Release|iPhone.ActiveCfg = Release|Any CPU
		{CA1F161A-916C-42E6-9BF3-A07FFD16DBA3}.Release|iPhone.Build.0 = Release|Any CPU
		{CA1F161A-916C-42E6-9BF3-A07FFD16DBA3}.Release|iPhoneSimulator.ActiveCfg = Release|Any CPU
		{CA1F161A-916C-42E6-9BF3-A07FFD16DBA3}.Release|iPhoneSimulator.Build.0 = Release|Any CPU
		{5A6DF6FB-6A87-48D1-8C7F-675980BE18DD}.Ad-Hoc|Any CPU.ActiveCfg = Release|Any CPU
		{5A6DF6FB-6A87-48D1-8C7F-675980BE18DD}.Ad-Hoc|Any CPU.Build.0 = Release|Any CPU
		{5A6DF6FB-6A87-48D1-8C7F-675980BE18DD}.Ad-Hoc|iPhone.ActiveCfg = Release|Any CPU
		{5A6DF6FB-6A87-48D1-8C7F-675980BE18DD}.Ad-Hoc|iPhone.Build.0 = Release|Any CPU
		{5A6DF6FB-6A87-48D1-8C7F-675980BE18DD}.Ad-Hoc|iPhoneSimulator.ActiveCfg = Release|Any CPU
		{5A6DF6FB-6A87-48D1-8C7F-675980BE18DD}.Ad-Hoc|iPhoneSimulator.Build.0 = Release|Any CPU
		{5A6DF6FB-6A87-48D1-8C7F-675980BE18DD}.AppStore|Any CPU.ActiveCfg = Release|Any CPU
		{5A6DF6FB-6A87-48D1-8C7F-675980BE18DD}.AppStore|Any CPU.Build.0 = Release|Any CPU
		{5A6DF6FB-6A87-48D1-8C7F-675980BE18DD}.AppStore|iPhone.ActiveCfg = Release|Any CPU
		{5A6DF6FB-6A87-48D1-8C7F-675980BE18DD}.AppStore|iPhone.Build.0 = Release|Any CPU
		{5A6DF6FB-6A87-48D1-8C7F-675980BE18DD}.AppStore|iPhoneSimulator.ActiveCfg = Release|Any CPU
		{5A6DF6FB-6A87-48D1-8C7F-675980BE18DD}.AppStore|iPhoneSimulator.Build.0 = Release|Any CPU
		{5A6DF6FB-6A87-48D1-8C7F-675980BE18DD}.Debug|Any CPU.ActiveCfg = Debug|Any CPU
		{5A6DF6FB-6A87-48D1-8C7F-675980BE18DD}.Debug|Any CPU.Build.0 = Debug|Any CPU
		{5A6DF6FB-6A87-48D1-8C7F-675980BE18DD}.Debug|iPhone.ActiveCfg = Debug|Any CPU
		{5A6DF6FB-6A87-48D1-8C7F-675980BE18DD}.Debug|iPhone.Build.0 = Debug|Any CPU
		{5A6DF6FB-6A87-48D1-8C7F-675980BE18DD}.Debug|iPhoneSimulator.ActiveCfg = Debug|Any CPU
		{5A6DF6FB-6A87-48D1-8C7F-675980BE18DD}.Debug|iPhoneSimulator.Build.0 = Debug|Any CPU
		{5A6DF6FB-6A87-48D1-8C7F-675980BE18DD}.Release|Any CPU.ActiveCfg = Release|Any CPU
		{5A6DF6FB-6A87-48D1-8C7F-675980BE18DD}.Release|Any CPU.Build.0 = Release|Any CPU
		{5A6DF6FB-6A87-48D1-8C7F-675980BE18DD}.Release|iPhone.ActiveCfg = Release|Any CPU
		{5A6DF6FB-6A87-48D1-8C7F-675980BE18DD}.Release|iPhone.Build.0 = Release|Any CPU
		{5A6DF6FB-6A87-48D1-8C7F-675980BE18DD}.Release|iPhoneSimulator.ActiveCfg = Release|Any CPU
		{5A6DF6FB-6A87-48D1-8C7F-675980BE18DD}.Release|iPhoneSimulator.Build.0 = Release|Any CPU
		{91486DA6-1CAA-4DA4-B911-0DF661D0A7DA}.Ad-Hoc|Any CPU.ActiveCfg = Release|Any CPU
		{91486DA6-1CAA-4DA4-B911-0DF661D0A7DA}.Ad-Hoc|Any CPU.Build.0 = Release|Any CPU
		{91486DA6-1CAA-4DA4-B911-0DF661D0A7DA}.Ad-Hoc|iPhone.ActiveCfg = Release|Any CPU
		{91486DA6-1CAA-4DA4-B911-0DF661D0A7DA}.Ad-Hoc|iPhone.Build.0 = Release|Any CPU
		{91486DA6-1CAA-4DA4-B911-0DF661D0A7DA}.Ad-Hoc|iPhoneSimulator.ActiveCfg = Release|Any CPU
		{91486DA6-1CAA-4DA4-B911-0DF661D0A7DA}.Ad-Hoc|iPhoneSimulator.Build.0 = Release|Any CPU
		{91486DA6-1CAA-4DA4-B911-0DF661D0A7DA}.AppStore|Any CPU.ActiveCfg = Release|Any CPU
		{91486DA6-1CAA-4DA4-B911-0DF661D0A7DA}.AppStore|Any CPU.Build.0 = Release|Any CPU
		{91486DA6-1CAA-4DA4-B911-0DF661D0A7DA}.AppStore|iPhone.ActiveCfg = Release|Any CPU
		{91486DA6-1CAA-4DA4-B911-0DF661D0A7DA}.AppStore|iPhone.Build.0 = Release|Any CPU
		{91486DA6-1CAA-4DA4-B911-0DF661D0A7DA}.AppStore|iPhoneSimulator.ActiveCfg = Release|Any CPU
		{91486DA6-1CAA-4DA4-B911-0DF661D0A7DA}.AppStore|iPhoneSimulator.Build.0 = Release|Any CPU
		{91486DA6-1CAA-4DA4-B911-0DF661D0A7DA}.Debug|Any CPU.ActiveCfg = Debug|Any CPU
		{91486DA6-1CAA-4DA4-B911-0DF661D0A7DA}.Debug|Any CPU.Build.0 = Debug|Any CPU
		{91486DA6-1CAA-4DA4-B911-0DF661D0A7DA}.Debug|iPhone.ActiveCfg = Debug|Any CPU
		{91486DA6-1CAA-4DA4-B911-0DF661D0A7DA}.Debug|iPhone.Build.0 = Debug|Any CPU
		{91486DA6-1CAA-4DA4-B911-0DF661D0A7DA}.Debug|iPhoneSimulator.ActiveCfg = Debug|Any CPU
		{91486DA6-1CAA-4DA4-B911-0DF661D0A7DA}.Debug|iPhoneSimulator.Build.0 = Debug|Any CPU
		{91486DA6-1CAA-4DA4-B911-0DF661D0A7DA}.Release|Any CPU.ActiveCfg = Release|Any CPU
		{91486DA6-1CAA-4DA4-B911-0DF661D0A7DA}.Release|Any CPU.Build.0 = Release|Any CPU
		{91486DA6-1CAA-4DA4-B911-0DF661D0A7DA}.Release|iPhone.ActiveCfg = Release|Any CPU
		{91486DA6-1CAA-4DA4-B911-0DF661D0A7DA}.Release|iPhone.Build.0 = Release|Any CPU
		{91486DA6-1CAA-4DA4-B911-0DF661D0A7DA}.Release|iPhoneSimulator.ActiveCfg = Release|Any CPU
		{91486DA6-1CAA-4DA4-B911-0DF661D0A7DA}.Release|iPhoneSimulator.Build.0 = Release|Any CPU
		{60245E02-8346-4792-BDA4-1B3B332F1D56}.Ad-Hoc|Any CPU.ActiveCfg = Release|Any CPU
		{60245E02-8346-4792-BDA4-1B3B332F1D56}.Ad-Hoc|Any CPU.Build.0 = Release|Any CPU
		{60245E02-8346-4792-BDA4-1B3B332F1D56}.Ad-Hoc|iPhone.ActiveCfg = Release|Any CPU
		{60245E02-8346-4792-BDA4-1B3B332F1D56}.Ad-Hoc|iPhone.Build.0 = Release|Any CPU
		{60245E02-8346-4792-BDA4-1B3B332F1D56}.Ad-Hoc|iPhoneSimulator.ActiveCfg = Release|Any CPU
		{60245E02-8346-4792-BDA4-1B3B332F1D56}.Ad-Hoc|iPhoneSimulator.Build.0 = Release|Any CPU
		{60245E02-8346-4792-BDA4-1B3B332F1D56}.AppStore|Any CPU.ActiveCfg = Release|Any CPU
		{60245E02-8346-4792-BDA4-1B3B332F1D56}.AppStore|Any CPU.Build.0 = Release|Any CPU
		{60245E02-8346-4792-BDA4-1B3B332F1D56}.AppStore|iPhone.ActiveCfg = Release|Any CPU
		{60245E02-8346-4792-BDA4-1B3B332F1D56}.AppStore|iPhone.Build.0 = Release|Any CPU
		{60245E02-8346-4792-BDA4-1B3B332F1D56}.AppStore|iPhoneSimulator.ActiveCfg = Release|Any CPU
		{60245E02-8346-4792-BDA4-1B3B332F1D56}.AppStore|iPhoneSimulator.Build.0 = Release|Any CPU
		{60245E02-8346-4792-BDA4-1B3B332F1D56}.Debug|Any CPU.ActiveCfg = Debug|Any CPU
		{60245E02-8346-4792-BDA4-1B3B332F1D56}.Debug|Any CPU.Build.0 = Debug|Any CPU
		{60245E02-8346-4792-BDA4-1B3B332F1D56}.Debug|iPhone.ActiveCfg = Debug|Any CPU
		{60245E02-8346-4792-BDA4-1B3B332F1D56}.Debug|iPhone.Build.0 = Debug|Any CPU
		{60245E02-8346-4792-BDA4-1B3B332F1D56}.Debug|iPhoneSimulator.ActiveCfg = Debug|Any CPU
		{60245E02-8346-4792-BDA4-1B3B332F1D56}.Debug|iPhoneSimulator.Build.0 = Debug|Any CPU
		{60245E02-8346-4792-BDA4-1B3B332F1D56}.Release|Any CPU.ActiveCfg = Release|Any CPU
		{60245E02-8346-4792-BDA4-1B3B332F1D56}.Release|Any CPU.Build.0 = Release|Any CPU
		{60245E02-8346-4792-BDA4-1B3B332F1D56}.Release|iPhone.ActiveCfg = Release|Any CPU
		{60245E02-8346-4792-BDA4-1B3B332F1D56}.Release|iPhone.Build.0 = Release|Any CPU
		{60245E02-8346-4792-BDA4-1B3B332F1D56}.Release|iPhoneSimulator.ActiveCfg = Release|Any CPU
		{60245E02-8346-4792-BDA4-1B3B332F1D56}.Release|iPhoneSimulator.Build.0 = Release|Any CPU
	EndGlobalSection
	GlobalSection(SolutionProperties) = preSolution
		HideSolutionNode = FALSE
	EndGlobalSection
EndGlobal
